
Microsoft Visual Studio Solution File, Format Version 12.00
# Visual Studio Version 16
VisualStudioVersion = 16.0.30517.126
MinimumVisualStudioVersion = 10.0.40219.1
Project("{FAE04EC0-301F-11D3-BF4B-00C04F79EFBC}") = "CilDllEditor", "CilDllEditor\CilDllEditor.csproj", "{1FC8B39A-AD06-48C4-BB9E-B23A0B146DC6}"
EndProject
Global
	GlobalSection(SolutionConfigurationPlatforms) = preSolution
		Debug|x64 = Debug|x64
		Release|x64 = Release|x64
	EndGlobalSection
	GlobalSection(ProjectConfigurationPlatforms) = postSolution
		{1FC8B39A-AD06-48C4-BB9E-B23A0B146DC6}.Debug|x64.ActiveCfg = Debug|x64
		{1FC8B39A-AD06-48C4-BB9E-B23A0B146DC6}.Debug|x64.Build.0 = Debug|x64
		{1FC8B39A-AD06-48C4-BB9E-B23A0B146DC6}.Release|x64.ActiveCfg = Release|x64
		{1FC8B39A-AD06-48C4-BB9E-B23A0B146DC6}.Release|x64.Build.0 = Release|x64
	EndGlobalSection
	GlobalSection(SolutionProperties) = preSolution
		HideSolutionNode = FALSE
	EndGlobalSection
	GlobalSection(ExtensibilityGlobals) = postSolution
		SolutionGuid = {DD647095-48E9-4B02-9155-EF687A80C993}
	EndGlobalSection
EndGlobal
